
Microsoft Visual Studio Solution File, Format Version 12.00
# Visual Studio Version 16
VisualStudioVersion = 16.0.30621.155
MinimumVisualStudioVersion = 10.0.40219.1
Project("{FAE04EC0-301F-11D3-BF4B-00C04F79EFBC}") = "PropertyManager", "PropertyManager\PropertyManager.csproj", "{C4C53D19-B735-4E22-8158-08A5365054B3}"
EndProject
Global
	GlobalSection(SolutionConfigurationPlatforms) = preSolution
		Debug|Any CPU = Debug|Any CPU
		Release|Any CPU = Release|Any CPU
	EndGlobalSection
	GlobalSection(ProjectConfigurationPlatforms) = postSolution
		{C4C53D19-B735-4E22-8158-08A5365054B3}.Debug|Any CPU.ActiveCfg = Debug|Any CPU
		{C4C53D19-B735-4E22-8158-08A5365054B3}.Debug|Any CPU.Build.0 = Debug|Any CPU
		{C4C53D19-B735-4E22-8158-08A5365054B3}.Release|Any CPU.ActiveCfg = Release|Any CPU
		{C4C53D19-B735-4E22-8158-08A5365054B3}.Release|Any CPU.Build.0 = Release|Any CPU
	EndGlobalSection
	GlobalSection(SolutionProperties) = preSolution
		HideSolutionNode = FALSE
	EndGlobalSection
	GlobalSection(ExtensibilityGlobals) = postSolution
		SolutionGuid = {11BC1E82-FC3E-4D58-9E51-F21C4E1BBF5E}
	EndGlobalSection
EndGlobal
